
Microsoft Visual Studio Solution File, Format Version 12.00
# Visual Studio Version 17
VisualStudioVersion = 17.8.34309.116
MinimumVisualStudioVersion = 10.0.40219.1
Project("{FAE04EC0-301F-11D3-BF4B-00C04F79EFBC}") = "Fina.Api", "Fina.Api\Fina.Api.csproj", "{D4527664-A5FB-4489-949C-659394219CD2}"
EndProject
Project("{FAE04EC0-301F-11D3-BF4B-00C04F79EFBC}") = "Fina.Web", "Fina.Web\Fina.Web.csproj", "{2A664210-62DF-4ADC-8536-C58C666328A9}"
EndProject
Project("{FAE04EC0-301F-11D3-BF4B-00C04F79EFBC}") = "Fina.Core", "Fina.Core\Fina.Core.csproj", "{E6C06A64-F14F-4D78-973E-612FB7B31872}"
EndProject
Global
	GlobalSection(SolutionConfigurationPlatforms) = preSolution
		Debug|Any CPU = Debug|Any CPU
		Release|Any CPU = Release|Any CPU
	EndGlobalSection
	GlobalSection(ProjectConfigurationPlatforms) = postSolution
		{D4527664-A5FB-4489-949C-659394219CD2}.Debug|Any CPU.ActiveCfg = Debug|Any CPU
		{D4527664-A5FB-4489-949C-659394219CD2}.Debug|Any CPU.Build.0 = Debug|Any CPU
		{D4527664-A5FB-4489-949C-659394219CD2}.Release|Any CPU.ActiveCfg = Release|Any CPU
		{D4527664-A5FB-4489-949C-659394219CD2}.Release|Any CPU.Build.0 = Release|Any CPU
		{2A664210-62DF-4ADC-8536-C58C666328A9}.Debug|Any CPU.ActiveCfg = Debug|Any CPU
		{2A664210-62DF-4ADC-8536-C58C666328A9}.Debug|Any CPU.Build.0 = Debug|Any CPU
		{2A664210-62DF-4ADC-8536-C58C666328A9}.Release|Any CPU.ActiveCfg = Release|Any CPU
		{2A664210-62DF-4ADC-8536-C58C666328A9}.Release|Any CPU.Build.0 = Release|Any CPU
		{E6C06A64-F14F-4D78-973E-612FB7B31872}.Debug|Any CPU.ActiveCfg = Debug|Any CPU
		{E6C06A64-F14F-4D78-973E-612FB7B31872}.Debug|Any CPU.Build.0 = Debug|Any CPU
		{E6C06A64-F14F-4D78-973E-612FB7B31872}.Release|Any CPU.ActiveCfg = Release|Any CPU
		{E6C06A64-F14F-4D78-973E-612FB7B31872}.Release|Any CPU.Build.0 = Release|Any CPU
	EndGlobalSection
	GlobalSection(SolutionProperties) = preSolution
		HideSolutionNode = FALSE
	EndGlobalSection
	GlobalSection(ExtensibilityGlobals) = postSolution
		SolutionGuid = {1529EE93-68A1-4095-86FC-D2A6D16A9C51}
	EndGlobalSection
EndGlobal
